{
  "name": "passwords_generator",
  "version": "1.0.0",
  "lockfileVersion": 1,
  "requires": true,
  "dependencies": {
    "@types/jsonminify": {
      "version": "0.4.1",
      "resolved": "https://registry.npmjs.org/@types/jsonminify/-/jsonminify-0.4.1.tgz",
      "integrity": "sha512-CkbsT83tCMuFefGh+aXlsunetd66yN62QxtjBfk4lX4zMVBPRlWyHQvZvIPOMUznVA7MXdt6RtqHa9fra1PlCw==",
      "dev": true
    },
    "@types/node": {
      "version": "14.11.8",
      "resolved": "https://registry.npmjs.org/@types/node/-/node-14.11.8.tgz",
      "integrity": "sha512-KPcKqKm5UKDkaYPTuXSx8wEP7vE9GnuaXIZKijwRYcePpZFDVuy2a57LarFKiORbHOuTOOwYzxVxcUzsh2P2Pw==",
      "dev": true
    },
    "jsonminify": {
      "version": "0.4.1",
      "resolved": "https://registry.npmjs.org/jsonminify/-/jsonminify-0.4.1.tgz",
      "integrity": "sha1-gF2vuzk5UYjO6atYLIHvlZ1+cQw="
    }
  }
}
